
Microsoft Visual Studio Solution File, Format Version 12.00
# Visual Studio Version 17
VisualStudioVersion = 17.8.34511.84
MinimumVisualStudioVersion = 10.0.40219.1
Project("{FAE04EC0-301F-11D3-BF4B-00C04F79EFBC}") = "CRUD-CORE", "CRUD-CORE.csproj", "{DB26D6D7-8D69-4775-8943-9E8D1F2FCC78}"
EndProject
Global
	GlobalSection(SolutionConfigurationPlatforms) = preSolution
		Debug|Any CPU = Debug|Any CPU
		Release|Any CPU = Release|Any CPU
	EndGlobalSection
	GlobalSection(ProjectConfigurationPlatforms) = postSolution
		{DB26D6D7-8D69-4775-8943-9E8D1F2FCC78}.Debug|Any CPU.ActiveCfg = Debug|Any CPU
		{DB26D6D7-8D69-4775-8943-9E8D1F2FCC78}.Debug|Any CPU.Build.0 = Debug|Any CPU
		{DB26D6D7-8D69-4775-8943-9E8D1F2FCC78}.Release|Any CPU.ActiveCfg = Release|Any CPU
		{DB26D6D7-8D69-4775-8943-9E8D1F2FCC78}.Release|Any CPU.Build.0 = Release|Any CPU
	EndGlobalSection
	GlobalSection(SolutionProperties) = preSolution
		HideSolutionNode = FALSE
	EndGlobalSection
	GlobalSection(ExtensibilityGlobals) = postSolution
		SolutionGuid = {2567B8AC-FE4C-4848-9924-C3E57A332596}
	EndGlobalSection
EndGlobal
